// !$*UTF8*$!
{
	archiveVersion = 1;
	classes = {
	};
	objectVersion = 48;
	objects = {

/* Begin PBXBuildFile section */
		173DAFA12030F99A001D62B3 /* Test Offline Storage Data in Resources */ = {isa = PBXBuildFile; fileRef = 173DAFA02030F99A001D62B3 /* Test Offline Storage Data */; };
		17C84A4A202FA0A10074EA56 /* CityHighSchoolsTableViewController.swift in Sources */ = {isa = PBXBuildFile; fileRef = 17C84A49202FA0A10074EA56 /* CityHighSchoolsTableViewController.swift */; };
		17DD574B203101ED00C4E29F /* ParseCityHighSchoolsDataXMLOperation.swift in Sources */ = {isa = PBXBuildFile; fileRef = 17DD574A203101ED00C4E29F /* ParseCityHighSchoolsDataXMLOperation.swift */; };
		17DD574D203123C100C4E29F /* SettingsTableViewController.swift in Sources */ = {isa = PBXBuildFile; fileRef = 17DD574C203123C100C4E29F /* SettingsTableViewController.swift */; };
		17DD574F2031245E00C4E29F /* HighSchoolNameCell.swift in Sources */ = {isa = PBXBuildFile; fileRef = 17DD574E2031245E00C4E29F /* HighSchoolNameCell.swift */; };
		340CBF38202533610057710B /* NYC_2017_High_Schools_Names.xml in Resources */ = {isa = PBXBuildFile; fileRef = 340CBF362025335D0057710B /* NYC_2017_High_Schools_Names.xml */; };
		340CBF39202533610057710B /* NYC_2017_High_Schools_SAT_Data.xml in Resources */ = {isa = PBXBuildFile; fileRef = 340CBF37202533600057710B /* NYC_2017_High_Schools_SAT_Data.xml */; };
		348F8E992024097000762920 /* CityHighSchoolData.swift in Sources */ = {isa = PBXBuildFile; fileRef = 348F8E982024097000762920 /* CityHighSchoolData.swift */; };
		34B28C472023E58D0025DE07 /* AppDelegate.swift in Sources */ = {isa = PBXBuildFile; fileRef = 34B28C462023E58D0025DE07 /* AppDelegate.swift */; };
		34B28C4C2023E58D0025DE07 /* Main.storyboard in Resources */ = {isa = PBXBuildFile; fileRef = 34B28C4A2023E58D0025DE07 /* Main.storyboard */; };
		34B28C4E2023E58D0025DE07 /* Assets.xcassets in Resources */ = {isa = PBXBuildFile; fileRef = 34B28C4D2023E58D0025DE07 /* Assets.xcassets */; };
		34B28C512023E58D0025DE07 /* LaunchScreen.storyboard in Resources */ = {isa = PBXBuildFile; fileRef = 34B28C4F2023E58D0025DE07 /* LaunchScreen.storyboard */; };
		34B28C5C2023E58E0025DE07 /* NYCHighSchoolsTests.swift in Sources */ = {isa = PBXBuildFile; fileRef = 34B28C5B2023E58E0025DE07 /* NYCHighSchoolsTests.swift */; };
/* End PBXBuildFile section */

/* Begin PBXContainerItemProxy section */
		34B28C582023E58D0025DE07 /* PBXContainerItemProxy */ = {
			isa = PBXContainerItemProxy;
			containerPortal = 34B28C3B2023E58D0025DE07 /* Project object */;
			proxyType = 1;
			remoteGlobalIDString = 34B28C422023E58D0025DE07;
			remoteInfo = NYCHighSchools;
		};
/* End PBXContainerItemProxy section */

/* Begin PBXFileReference section */
		173DAFA02030F99A001D62B3 /* Test Offline Storage Data */ = {isa = PBXFileReference; lastKnownFileType = folder; name = "Test Offline Storage Data"; path = "../../../../Desktop/new code/Test Offline Storage Data"; sourceTree = "<group>"; };
		17C84A49202FA0A10074EA56 /* CityHighSchoolsTableViewController.swift */ = {isa = PBXFileReference; lastKnownFileType = sourcecode.swift; path = CityHighSchoolsTableViewController.swift; sourceTree = "<group>"; };
		17DD574A203101ED00C4E29F /* ParseCityHighSchoolsDataXMLOperation.swift */ = {isa = PBXFileReference; lastKnownFileType = sourcecode.swift; path = ParseCityHighSchoolsDataXMLOperation.swift; sourceTree = "<group>"; };
		17DD574C203123C100C4E29F /* SettingsTableViewController.swift */ = {isa = PBXFileReference; lastKnownFileType = sourcecode.swift; path = SettingsTableViewController.swift; sourceTree = "<group>"; };
		17DD574E2031245E00C4E29F /* HighSchoolNameCell.swift */ = {isa = PBXFileReference; lastKnownFileType = sourcecode.swift; path = HighSchoolNameCell.swift; sourceTree = "<group>"; };
		340CBF362025335D0057710B /* NYC_2017_High_Schools_Names.xml */ = {isa = PBXFileReference; fileEncoding = 4; lastKnownFileType = text.xml; path = NYC_2017_High_Schools_Names.xml; sourceTree = "<group>"; };
		340CBF37202533600057710B /* NYC_2017_High_Schools_SAT_Data.xml */ = {isa = PBXFileReference; fileEncoding = 4; lastKnownFileType = text.xml; path = NYC_2017_High_Schools_SAT_Data.xml; sourceTree = "<group>"; };
		348F8E982024097000762920 /* CityHighSchoolData.swift */ = {isa = PBXFileReference; lastKnownFileType = sourcecode.swift; path = CityHighSchoolData.swift; sourceTree = "<group>"; };
		34B28C432023E58D0025DE07 /* NYCHighSchools.app */ = {isa = PBXFileReference; explicitFileType = wrapper.application; includeInIndex = 0; path = NYCHighSchools.app; sourceTree = BUILT_PRODUCTS_DIR; };
		34B28C462023E58D0025DE07 /* AppDelegate.swift */ = {isa = PBXFileReference; lastKnownFileType = sourcecode.swift; path = AppDelegate.swift; sourceTree = "<group>"; };
		34B28C4B2023E58D0025DE07 /* Base */ = {isa = PBXFileReference; lastKnownFileType = file.storyboard; name = Base; path = Base.lproj/Main.storyboard; sourceTree = "<group>"; };
		34B28C4D2023E58D0025DE07 /* Assets.xcassets */ = {isa = PBXFileReference; lastKnownFileType = folder.assetcatalog; path = Assets.xcassets; sourceTree = "<group>"; };
		34B28C502023E58D0025DE07 /* Base */ = {isa = PBXFileReference; lastKnownFileType = file.storyboard; name = Base; path = Base.lproj/LaunchScreen.storyboard; sourceTree = "<group>"; };
		34B28C522023E58D0025DE07 /* Info.plist */ = {isa = PBXFileReference; lastKnownFileType = text.plist.xml; path = Info.plist; sourceTree = "<group>"; };
		34B28C572023E58D0025DE07 /* NYCHighSchoolsTests.xctest */ = {isa = PBXFileReference; explicitFileType = wrapper.cfbundle; includeInIndex = 0; path = NYCHighSchoolsTests.xctest; sourceTree = BUILT_PRODUCTS_DIR; };
		34B28C5B2023E58E0025DE07 /* NYCHighSchoolsTests.swift */ = {isa = PBXFileReference; lastKnownFileType = sourcecode.swift; path = NYCHighSchoolsTests.swift; sourceTree = "<group>"; };
		34B28C5D2023E58E0025DE07 /* Info.plist */ = {isa = PBXFileReference; lastKnownFileType = text.plist.xml; path = Info.plist; sourceTree = "<group>"; };
/* End PBXFileReference section */

/* Begin PBXFrameworksBuildPhase section */
		34B28C402023E58D0025DE07 /* Frameworks */ = {
			isa = PBXFrameworksBuildPhase;
			buildActionMask = 2147483647;
			files = (
			);
			runOnlyForDeploymentPostprocessing = 0;
		};
		34B28C542023E58D0025DE07 /* Frameworks */ = {
			isa = PBXFrameworksBuildPhase;
			buildActionMask = 2147483647;
			files = (
			);
			runOnlyForDeploymentPostprocessing = 0;
		};
/* End PBXFrameworksBuildPhase section */

/* Begin PBXGroup section */
		340CBF3A202533680057710B /* Offline Storage Data */ = {
			isa = PBXGroup;
			children = (
				340CBF362025335D0057710B /* NYC_2017_High_Schools_Names.xml */,
				340CBF37202533600057710B /* NYC_2017_High_Schools_SAT_Data.xml */,
			);
			path = "Offline Storage Data";
			sourceTree = "<group>";
		};
		34B28C3A2023E58D0025DE07 = {
			isa = PBXGroup;
			children = (
				34B28C452023E58D0025DE07 /* NYCHighSchools */,
				34B28C5A2023E58D0025DE07 /* NYCHighSchoolsTests */,
				34B28C442023E58D0025DE07 /* Products */,
			);
			sourceTree = "<group>";
		};
		34B28C442023E58D0025DE07 /* Products */ = {
			isa = PBXGroup;
			children = (
				34B28C432023E58D0025DE07 /* NYCHighSchools.app */,
				34B28C572023E58D0025DE07 /* NYCHighSchoolsTests.xctest */,
			);
			name = Products;
			sourceTree = "<group>";
		};
		34B28C452023E58D0025DE07 /* NYCHighSchools */ = {
			isa = PBXGroup;
			children = (
				17C84A49202FA0A10074EA56 /* CityHighSchoolsTableViewController.swift */,
				17DD574C203123C100C4E29F /* SettingsTableViewController.swift */,
				348F8E982024097000762920 /* CityHighSchoolData.swift */,
				17DD574A203101ED00C4E29F /* ParseCityHighSchoolsDataXMLOperation.swift */,
				34B28C462023E58D0025DE07 /* AppDelegate.swift */,
				34B28C4A2023E58D0025DE07 /* Main.storyboard */,
				17DD574E2031245E00C4E29F /* HighSchoolNameCell.swift */,
				34B28C4D2023E58D0025DE07 /* Assets.xcassets */,
				34B28C4F2023E58D0025DE07 /* LaunchScreen.storyboard */,
				340CBF3A202533680057710B /* Offline Storage Data */,
				34B28C522023E58D0025DE07 /* Info.plist */,
			);
			path = NYCHighSchools;
			sourceTree = "<group>";
		};
		34B28C5A2023E58D0025DE07 /* NYCHighSchoolsTests */ = {
			isa = PBXGroup;
			children = (
				34B28C5B2023E58E0025DE07 /* NYCHighSchoolsTests.swift */,
				34B28C5D2023E58E0025DE07 /* Info.plist */,
				173DAFA02030F99A001D62B3 /* Test Offline Storage Data */,
			);
			path = NYCHighSchoolsTests;
			sourceTree = "<group>";
		};
/* End PBXGroup section */

/* Begin PBXNativeTarget section */
		34B28C422023E58D0025DE07 /* NYCHighSchools */ = {
			isa = PBXNativeTarget;
			buildConfigurationList = 34B28C602023E58E0025DE07 /* Build configuration list for PBXNativeTarget "NYCHighSchools" */;
			buildPhases = (
				34B28C3F2023E58D0025DE07 /* Sources */,
				34B28C402023E58D0025DE07 /* Frameworks */,
				34B28C412023E58D0025DE07 /* Resources */,
			);
			buildRules = (
			);
			dependencies = (
			);
			name = NYCHighSchools;
			productName = NYCHighSchools;
			productReference = 34B28C432023E58D0025DE07 /* NYCHighSchools.app */;
			productType = "com.apple.product-type.application";
		};
		34B28C562023E58D0025DE07 /* NYCHighSchoolsTests */ = {
			isa = PBXNativeTarget;
			buildConfigurationList = 34B28C632023E58E0025DE07 /* Build configuration list for PBXNativeTarget "NYCHighSchoolsTests" */;
			buildPhases = (
				34B28C532023E58D0025DE07 /* Sources */,
				34B28C542023E58D0025DE07 /* Frameworks */,
				34B28C552023E58D0025DE07 /* Resources */,
			);
			buildRules = (
			);
			dependencies = (
				34B28C592023E58D0025DE07 /* PBXTargetDependency */,
			);
			name = NYCHighSchoolsTests;
			productName = NYCHighSchoolsTests;
			productReference = 34B28C572023E58D0025DE07 /* NYCHighSchoolsTests.xctest */;
			productType = "com.apple.product-type.bundle.unit-test";
		};
/* End PBXNativeTarget section */

/* Begin PBXProject section */
		34B28C3B2023E58D0025DE07 /* Project object */ = {
			isa = PBXProject;
			attributes = {
				LastSwiftUpdateCheck = 0920;
				LastUpgradeCheck = 0920;
				ORGANIZATIONNAME = "Matthew Lintlop";
				TargetAttributes = {
					34B28C422023E58D0025DE07 = {
						CreatedOnToolsVersion = 9.2;
						ProvisioningStyle = Automatic;
					};
					34B28C562023E58D0025DE07 = {
						CreatedOnToolsVersion = 9.2;
						ProvisioningStyle = Automatic;
						TestTargetID = 34B28C422023E58D0025DE07;
					};
				};
			};
			buildConfigurationList = 34B28C3E2023E58D0025DE07 /* Build configuration list for PBXProject "NYCHighSchools" */;
			compatibilityVersion = "Xcode 8.0";
			developmentRegion = en;
			hasScannedForEncodings = 0;
			knownRegions = (
				en,
				Base,
			);
			mainGroup = 34B28C3A2023E58D0025DE07;
			productRefGroup = 34B28C442023E58D0025DE07 /* Products */;
			projectDirPath = "";
			projectRoot = "";
			targets = (
				34B28C422023E58D0025DE07 /* NYCHighSchools */,
				34B28C562023E58D0025DE07 /* NYCHighSchoolsTests */,
			);
		};
/* End PBXProject section */

/* Begin PBXResourcesBuildPhase section */
		34B28C412023E58D0025DE07 /* Resources */ = {
			isa = PBXResourcesBuildPhase;
			buildActionMask = 2147483647;
			files = (
				34B28C512023E58D0025DE07 /* LaunchScreen.storyboard in Resources */,
				340CBF38202533610057710B /* NYC_2017_High_Schools_Names.xml in Resources */,
				34B28C4E2023E58D0025DE07 /* Assets.xcassets in Resources */,
				34B28C4C2023E58D0025DE07 /* Main.storyboard in Resources */,
				340CBF39202533610057710B /* NYC_2017_High_Schools_SAT_Data.xml in Resources */,
			);
			runOnlyForDeploymentPostprocessing = 0;
		};
		34B28C552023E58D0025DE07 /* Resources */ = {
			isa = PBXResourcesBuildPhase;
			buildActionMask = 2147483647;
			files = (
				173DAFA12030F99A001D62B3 /* Test Offline Storage Data in Resources */,
			);
			runOnlyForDeploymentPostprocessing = 0;
		};
/* End PBXResourcesBuildPhase section */

/* Begin PBXSourcesBuildPhase section */
		34B28C3F2023E58D0025DE07 /* Sources */ = {
			isa = PBXSourcesBuildPhase;
			buildActionMask = 2147483647;
			files = (
				348F8E992024097000762920 /* CityHighSchoolData.swift in Sources */,
				17DD574D203123C100C4E29F /* SettingsTableViewController.swift in Sources */,
				17DD574B203101ED00C4E29F /* ParseCityHighSchoolsDataXMLOperation.swift in Sources */,
				17C84A4A202FA0A10074EA56 /* CityHighSchoolsTableViewController.swift in Sources */,
				17DD574F2031245E00C4E29F /* HighSchoolNameCell.swift in Sources */,
				34B28C472023E58D0025DE07 /* AppDelegate.swift in Sources */,
			);
			runOnlyForDeploymentPostprocessing = 0;
		};
		34B28C532023E58D0025DE07 /* Sources */ = {
			isa = PBXSourcesBuildPhase;
			buildActionMask = 2147483647;
			files = (
				34B28C5C2023E58E0025DE07 /* NYCHighSchoolsTests.swift in Sources */,
			);
			runOnlyForDeploymentPostprocessing = 0;
		};
/* End PBXSourcesBuildPhase section */

/* Begin PBXTargetDependency section */
		34B28C592023E58D0025DE07 /* PBXTargetDependency */ = {
			isa = PBXTargetDependency;
			target = 34B28C422023E58D0025DE07 /* NYCHighSchools */;
			targetProxy = 34B28C582023E58D0025DE07 /* PBXContainerItemProxy */;
		};
/* End PBXTargetDependency section */

/* Begin PBXVariantGroup section */
		34B28C4A2023E58D0025DE07 /* Main.storyboard */ = {
			isa = PBXVariantGroup;
			children = (
				34B28C4B2023E58D0025DE07 /* Base */,
			);
			name = Main.storyboard;
			sourceTree = "<group>";
		};
		34B28C4F2023E58D0025DE07 /* LaunchScreen.storyboard */ = {
			isa = PBXVariantGroup;
			children = (
				34B28C502023E58D0025DE07 /* Base */,
			);
			name = LaunchScreen.storyboard;
			sourceTree = "<group>";
		};
/* End PBXVariantGroup section */

/* Begin XCBuildConfiguration section */
		34B28C5E2023E58E0025DE07 /* Debug */ = {
			isa = XCBuildConfiguration;
			buildSettings = {
				ALWAYS_SEARCH_USER_PATHS = NO;
				CLANG_ANALYZER_NONNULL = YES;
				CLANG_ANALYZER_NUMBER_OBJECT_CONVERSION = YES_AGGRESSIVE;
				CLANG_CXX_LANGUAGE_STANDARD = "gnu++14";
				CLANG_CXX_LIBRARY = "libc++";
				CLANG_ENABLE_MODULES = YES;
				CLANG_ENABLE_OBJC_ARC = YES;
				CLANG_WARN_BLOCK_CAPTURE_AUTORELEASING = YES;
				CLANG_WARN_BOOL_CONVERSION = YES;
				CLANG_WARN_COMMA = YES;
				CLANG_WARN_CONSTANT_CONVERSION = YES;
				CLANG_WARN_DIRECT_OBJC_ISA_USAGE = YES_ERROR;
				CLANG_WARN_DOCUMENTATION_COMMENTS = YES;
				CLANG_WARN_EMPTY_BODY = YES;
				CLANG_WARN_ENUM_CONVERSION = YES;
				CLANG_WARN_INFINITE_RECURSION = YES;
				CLANG_WARN_INT_CONVERSION = YES;
				CLANG_WARN_NON_LITERAL_NULL_CONVERSION = YES;
				CLANG_WARN_OBJC_LITERAL_CONVERSION = YES;
				CLANG_WARN_OBJC_ROOT_CLASS = YES_ERROR;
				CLANG_WARN_RANGE_LOOP_ANALYSIS = YES;
				CLANG_WARN_STRICT_PROTOTYPES = YES;
				CLANG_WARN_SUSPICIOUS_MOVE = YES;
				CLANG_WARN_UNGUARDED_AVAILABILITY = YES_AGGRESSIVE;
				CLANG_WARN_UNREACHABLE_CODE = YES;
				CLANG_WARN__DUPLICATE_METHOD_MATCH = YES;
				CODE_SIGN_IDENTITY = "iPhone Developer";
				COPY_PHASE_STRIP = NO;
				DEBUG_INFORMATION_FORMAT = dwarf;
				ENABLE_STRICT_OBJC_MSGSEND = YES;
				ENABLE_TESTABILITY = YES;
				GCC_C_LANGUAGE_STANDARD = gnu11;
				GCC_DYNAMIC_NO_PIC = NO;
				GCC_NO_COMMON_BLOCKS = YES;
				GCC_OPTIMIZATION_LEVEL = 0;
				GCC_PREPROCESSOR_DEFINITIONS = (
					"DEBUG=1",
					"$(inherited)",
				);
				GCC_WARN_64_TO_32_BIT_CONVERSION = YES;
				GCC_WARN_ABOUT_RETURN_TYPE = YES_ERROR;
				GCC_WARN_UNDECLARED_SELECTOR = YES;
				GCC_WARN_UNINITIALIZED_AUTOS = YES_AGGRESSIVE;
				GCC_WARN_UNUSED_FUNCTION = YES;
				GCC_WARN_UNUSED_VARIABLE = YES;
				IPHONEOS_DEPLOYMENT_TARGET = 11.2;
				MTL_ENABLE_DEBUG_INFO = YES;
				ONLY_ACTIVE_ARCH = YES;
				SDKROOT = iphoneos;
				SWIFT_ACTIVE_COMPILATION_CONDITIONS = DEBUG;
				SWIFT_OPTIMIZATION_LEVEL = "-Onone";
				SWIFT_VERSION = 4.0;
			};
			name = Debug;
		};
		34B28C5F2023E58E0025DE07 /* Release */ = {
			isa = XCBuildConfiguration;
			buildSettings = {
				ALWAYS_SEARCH_USER_PATHS = NO;
				CLANG_ANALYZER_NONNULL = YES;
				CLANG_ANALYZER_NUMBER_OBJECT_CONVERSION = YES_AGGRESSIVE;
				CLANG_CXX_LANGUAGE_STANDARD = "gnu++14";
				CLANG_CXX_LIBRARY = "libc++";
				CLANG_ENABLE_MODULES = YES;
				CLANG_ENABLE_OBJC_ARC = YES;
				CLANG_WARN_BLOCK_CAPTURE_AUTORELEASING = YES;
				CLANG_WARN_BOOL_CONVERSION = YES;
				CLANG_WARN_COMMA = YES;
				CLANG_WARN_CONSTANT_CONVERSION = YES;
				CLANG_WARN_DIRECT_OBJC_ISA_USAGE = YES_ERROR;
				CLANG_WARN_DOCUMENTATION_COMMENTS = YES;
				CLANG_WARN_EMPTY_BODY = YES;
				CLANG_WARN_ENUM_CONVERSION = YES;
				CLANG_WARN_INFINITE_RECURSION = YES;
				CLANG_WARN_INT_CONVERSION = YES;
				CLANG_WARN_NON_LITERAL_NULL_CONVERSION = YES;
				CLANG_WARN_OBJC_LITERAL_CONVERSION = YES;
				CLANG_WARN_OBJC_ROOT_CLASS = YES_ERROR;
				CLANG_WARN_RANGE_LOOP_ANALYSIS = YES;
				CLANG_WARN_STRICT_PROTOTYPES = YES;
				CLANG_WARN_SUSPICIOUS_MOVE = YES;
				CLANG_WARN_UNGUARDED_AVAILABILITY = YES_AGGRESSIVE;
				CLANG_WARN_UNREACHABLE_CODE = YES;
				CLANG_WARN__DUPLICATE_METHOD_MATCH = YES;
				CODE_SIGN_IDENTITY = "iPhone Developer";
				COPY_PHASE_STRIP = NO;
				DEBUG_INFORMATION_FORMAT = "dwarf-with-dsym";
				ENABLE_NS_ASSERTIONS = NO;
				ENABLE_STRICT_OBJC_MSGSEND = YES;
				GCC_C_LANGUAGE_STANDARD = gnu11;
				GCC_NO_COMMON_BLOCKS = YES;
				GCC_WARN_64_TO_32_BIT_CONVERSION = YES;
				GCC_WARN_ABOUT_RETURN_TYPE = YES_ERROR;
				GCC_WARN_UNDECLARED_SELECTOR = YES;
				GCC_WARN_UNINITIALIZED_AUTOS = YES_AGGRESSIVE;
				GCC_WARN_UNUSED_FUNCTION = YES;
				GCC_WARN_UNUSED_VARIABLE = YES;
				IPHONEOS_DEPLOYMENT_TARGET = 11.2;
				MTL_ENABLE_DEBUG_INFO = NO;
				SDKROOT = iphoneos;
				SWIFT_OPTIMIZATION_LEVEL = "-Owholemodule";
				SWIFT_VERSION = 4.0;
				VALIDATE_PRODUCT = YES;
			};
			name = Release;
		};
		34B28C612023E58E0025DE07 /* Debug */ = {
			isa = XCBuildConfiguration;
			buildSettings = {
				ASSETCATALOG_COMPILER_APPICON_NAME = AppIcon;
				CODE_SIGN_STYLE = Automatic;
				DEVELOPMENT_TEAM = US5DTPYQ6L;
				INFOPLIST_FILE = NYCHighSchools/Info.plist;
				LD_RUNPATH_SEARCH_PATHS = "$(inherited) @executable_path/Frameworks";
				PRODUCT_BUNDLE_IDENTIFIER = com.matt.lintlop.NYCHighSchools;
				PRODUCT_NAME = "$(TARGET_NAME)";
				SWIFT_VERSION = 4.0;
				TARGETED_DEVICE_FAMILY = "1,2";
			};
			name = Debug;
		};
		34B28C622023E58E0025DE07 /* Release */ = {
			isa = XCBuildConfiguration;
			buildSettings = {
				ASSETCATALOG_COMPILER_APPICON_NAME = AppIcon;
				CODE_SIGN_STYLE = Automatic;
				DEVELOPMENT_TEAM = US5DTPYQ6L;
				INFOPLIST_FILE = NYCHighSchools/Info.plist;
				LD_RUNPATH_SEARCH_PATHS = "$(inherited) @executable_path/Frameworks";
				PRODUCT_BUNDLE_IDENTIFIER = com.matt.lintlop.NYCHighSchools;
				PRODUCT_NAME = "$(TARGET_NAME)";
				SWIFT_VERSION = 4.0;
				TARGETED_DEVICE_FAMILY = "1,2";
			};
			name = Release;
		};
		34B28C642023E58E0025DE07 /* Debug */ = {
			isa = XCBuildConfiguration;
			buildSettings = {
				ALWAYS_EMBED_SWIFT_STANDARD_LIBRARIES = YES;
				BUNDLE_LOADER = "$(TEST_HOST)";
				CODE_SIGN_STYLE = Automatic;
				DEVELOPMENT_TEAM = US5DTPYQ6L;
				INFOPLIST_FILE = NYCHighSchoolsTests/Info.plist;
				LD_RUNPATH_SEARCH_PATHS = "$(inherited) @executable_path/Frameworks @loader_path/Frameworks";
				PRODUCT_BUNDLE_IDENTIFIER = com.matt.lintlop.NYCHighSchoolsTests;
				PRODUCT_NAME = "$(TARGET_NAME)";
				SWIFT_VERSION = 4.0;
				TARGETED_DEVICE_FAMILY = "1,2";
				TEST_HOST = "$(BUILT_PRODUCTS_DIR)/NYCHighSchools.app/NYCHighSchools";
			};
			name = Debug;
		};
		34B28C652023E58E0025DE07 /* Release */ = {
			isa = XCBuildConfiguration;
			buildSettings = {
				ALWAYS_EMBED_SWIFT_STANDARD_LIBRARIES = YES;
				BUNDLE_LOADER = "$(TEST_HOST)";
				CODE_SIGN_STYLE = Automatic;
				DEVELOPMENT_TEAM = US5DTPYQ6L;
				INFOPLIST_FILE = NYCHighSchoolsTests/Info.plist;
				LD_RUNPATH_SEARCH_PATHS = "$(inherited) @executable_path/Frameworks @loader_path/Frameworks";
				PRODUCT_BUNDLE_IDENTIFIER = com.matt.lintlop.NYCHighSchoolsTests;
				PRODUCT_NAME = "$(TARGET_NAME)";
				SWIFT_VERSION = 4.0;
				TARGETED_DEVICE_FAMILY = "1,2";
				TEST_HOST = "$(BUILT_PRODUCTS_DIR)/NYCHighSchools.app/NYCHighSchools";
			};
			name = Release;
		};
/* End XCBuildConfiguration section */

/* Begin XCConfigurationList section */
		34B28C3E2023E58D0025DE07 /* Build configuration list for PBXProject "NYCHighSchools" */ = {
			isa = XCConfigurationList;
			buildConfigurations = (
				34B28C5E2023E58E0025DE07 /* Debug */,
				34B28C5F2023E58E0025DE07 /* Release */,
			);
			defaultConfigurationIsVisible = 0;
			defaultConfigurationName = Release;
		};
		34B28C602023E58E0025DE07 /* Build configuration list for PBXNativeTarget "NYCHighSchools" */ = {
			isa = XCConfigurationList;
			buildConfigurations = (
				34B28C612023E58E0025DE07 /* Debug */,
				34B28C622023E58E0025DE07 /* Release */,
			);
			defaultConfigurationIsVisible = 0;
			defaultConfigurationName = Release;
		};
		34B28C632023E58E0025DE07 /* Build configuration list for PBXNativeTarget "NYCHighSchoolsTests" */ = {
			isa = XCConfigurationList;
			buildConfigurations = (
				34B28C642023E58E0025DE07 /* Debug */,
				34B28C652023E58E0025DE07 /* Release */,
			);
			defaultConfigurationIsVisible = 0;
			defaultConfigurationName = Release;
		};
/* End XCConfigurationList section */
	};
	rootObject = 34B28C3B2023E58D0025DE07 /* Project object */;
}
